// !$*UTF8*$!
{
	archiveVersion = 1;
	classes = {
	};
	objectVersion = 77;
	objects = {

/* Begin PBXBuildFile section */
		1C535C107BA33190CE9B3410 /* NotificationService.swift in Sources */ = {isa = PBXBuildFile; fileRef = D163FAE2FC4ACF69BF094F14 /* NotificationService.swift */; };
		102AF19327DB23E450A5ED3E /* NotificationService.swift in Sources */ = {isa = PBXBuildFile; fileRef = D163FAE2FC4ACF69BF094F14 /* NotificationService.swift */; };
		131120532F82363000922D01 /* Secrets.plist in Resources */ = {isa = PBXBuildFile; fileRef = 131120512F82363000922D01 /* Secrets.plist */; };
		131120542F82363000922D01 /* SubscriptionManager.swift in Sources */ = {isa = PBXBuildFile; fileRef = 1311204B2F82363000922D01 /* SubscriptionManager.swift */; };
		131120552F82363000922D01 /* Subscription.swift in Sources */ = {isa = PBXBuildFile; fileRef = 1311204A2F82363000922D01 /* Subscription.swift */; };
		131120562F82363000922D01 /* BillingFrequency.swift in Sources */ = {isa = PBXBuildFile; fileRef = 131120492F82363000922D01 /* BillingFrequency.swift */; };
		131120572F82363000922D01 /* LogoFetchService.swift in Sources */ = {isa = PBXBuildFile; fileRef = 1311204F2F82363000922D01 /* LogoFetchService.swift */; };
		131120582F82363000922D01 /* SubscriptionSelectionStore.swift in Sources */ = {isa = PBXBuildFile; fileRef = 1311204C2F82363000922D01 /* SubscriptionSelectionStore.swift */; };
		131120592F82363000922D01 /* CategorySuggestionService.swift in Sources */ = {isa = PBXBuildFile; fileRef = 1311204E2F82363000922D01 /* CategorySuggestionService.swift */; };
		1311205A2F82363000922D01 /* Secrets.plist in Resources */ = {isa = PBXBuildFile; fileRef = 131120512F82363000922D01 /* Secrets.plist */; };
		1311205B2F82363000922D01 /* SubscriptionManager.swift in Sources */ = {isa = PBXBuildFile; fileRef = 1311204B2F82363000922D01 /* SubscriptionManager.swift */; };
		1311205C2F82363000922D01 /* Subscription.swift in Sources */ = {isa = PBXBuildFile; fileRef = 1311204A2F82363000922D01 /* Subscription.swift */; };
		1311205D2F82363000922D01 /* BillingFrequency.swift in Sources */ = {isa = PBXBuildFile; fileRef = 131120492F82363000922D01 /* BillingFrequency.swift */; };
		1311205E2F82363000922D01 /* LogoFetchService.swift in Sources */ = {isa = PBXBuildFile; fileRef = 1311204F2F82363000922D01 /* LogoFetchService.swift */; };
		1311205F2F82363000922D01 /* SubscriptionSelectionStore.swift in Sources */ = {isa = PBXBuildFile; fileRef = 1311204C2F82363000922D01 /* SubscriptionSelectionStore.swift */; };
		131120602F82363000922D01 /* CategorySuggestionService.swift in Sources */ = {isa = PBXBuildFile; fileRef = 1311204E2F82363000922D01 /* CategorySuggestionService.swift */; };
		131122082F84E61700922D01 /* SeedData.swift in Sources */ = {isa = PBXBuildFile; fileRef = 131122062F84E61700922D01 /* SeedData.swift */; };
		131122092F84E61700922D01 /* DummyData.swift in Sources */ = {isa = PBXBuildFile; fileRef = 131122042F84E61700922D01 /* DummyData.swift */; };
		1311220A2F84E61700922D01 /* PreviewContainer.swift in Sources */ = {isa = PBXBuildFile; fileRef = 131122052F84E61700922D01 /* PreviewContainer.swift */; };
		1311220B2F84E61700922D01 /* DevFlags.swift in Sources */ = {isa = PBXBuildFile; fileRef = 131122032F84E61700922D01 /* DevFlags.swift */; };
		1311220C2F84E61700922D01 /* SeedData.swift in Sources */ = {isa = PBXBuildFile; fileRef = 131122062F84E61700922D01 /* SeedData.swift */; };
		1311220D2F84E61700922D01 /* DummyData.swift in Sources */ = {isa = PBXBuildFile; fileRef = 131122042F84E61700922D01 /* DummyData.swift */; };
		1311220E2F84E61700922D01 /* PreviewContainer.swift in Sources */ = {isa = PBXBuildFile; fileRef = 131122052F84E61700922D01 /* PreviewContainer.swift */; };
		1311220F2F84E61700922D01 /* DevFlags.swift in Sources */ = {isa = PBXBuildFile; fileRef = 131122032F84E61700922D01 /* DevFlags.swift */; };
		133D167A2D29222600A3D7A8 /* README.md in Resources */ = {isa = PBXBuildFile; fileRef = 133D16792D29222600A3D7A8 /* README.md */; };
		1D439F46451A787042F44C9B /* DashboardViewModel.swift in Sources */ = {isa = PBXBuildFile; fileRef = 29D4161FF5B8C8C041F51245 /* DashboardViewModel.swift */; };
		6808676872B919AAE84DBF44 /* Date+Formatting.swift in Sources */ = {isa = PBXBuildFile; fileRef = 20F01262A337A1A12734B0EE /* Date+Formatting.swift */; };
		7C35B57793017A865536BB40 /* Date+Formatting.swift in Sources */ = {isa = PBXBuildFile; fileRef = 20F01262A337A1A12734B0EE /* Date+Formatting.swift */; };
		CD28DCEC11D84BBA88C1F411 /* DashboardViewModel.swift in Sources */ = {isa = PBXBuildFile; fileRef = 29D4161FF5B8C8C041F51245 /* DashboardViewModel.swift */; };
/* End PBXBuildFile section */

/* Begin PBXContainerItemProxy section */
		13111D562F80E92B00922D01 /* PBXContainerItemProxy */ = {
			isa = PBXContainerItemProxy;
			containerPortal = 134F8A1C2D236E6B00198244 /* Project object */;
			proxyType = 1;
			remoteGlobalIDString = 13111D442F80E92900922D01;
			remoteInfo = "Supscription iOS";
		};
		13111D602F80E92B00922D01 /* PBXContainerItemProxy */ = {
			isa = PBXContainerItemProxy;
			containerPortal = 134F8A1C2D236E6B00198244 /* Project object */;
			proxyType = 1;
			remoteGlobalIDString = 13111D442F80E92900922D01;
			remoteInfo = "Supscription iOS";
		};
		13B6B8A62F6FA83B00604F29 /* PBXContainerItemProxy */ = {
			isa = PBXContainerItemProxy;
			containerPortal = 134F8A1C2D236E6B00198244 /* Project object */;
			proxyType = 1;
			remoteGlobalIDString = 134F8A232D236E6B00198244;
			remoteInfo = Supscription;
		};
/* End PBXContainerItemProxy section */

/* Begin PBXFileReference section */
		D163FAE2FC4ACF69BF094F14 /* NotificationService.swift */ = {isa = PBXFileReference; lastKnownFileType = sourcecode.swift; path = NotificationService.swift; sourceTree = "<group>"; };
		13111D452F80E92900922D01 /* Supscription iOS.app */ = {isa = PBXFileReference; explicitFileType = wrapper.application; includeInIndex = 0; path = "Supscription iOS.app"; sourceTree = BUILT_PRODUCTS_DIR; };
		13111D552F80E92B00922D01 /* Supscription iOSTests.xctest */ = {isa = PBXFileReference; explicitFileType = wrapper.cfbundle; includeInIndex = 0; path = "Supscription iOSTests.xctest"; sourceTree = BUILT_PRODUCTS_DIR; };
		13111D5F2F80E92B00922D01 /* Supscription iOSUITests.xctest */ = {isa = PBXFileReference; explicitFileType = wrapper.cfbundle; includeInIndex = 0; path = "Supscription iOSUITests.xctest"; sourceTree = BUILT_PRODUCTS_DIR; };
		131120492F82363000922D01 /* BillingFrequency.swift */ = {isa = PBXFileReference; lastKnownFileType = sourcecode.swift; path = BillingFrequency.swift; sourceTree = "<group>"; };
		1311204A2F82363000922D01 /* Subscription.swift */ = {isa = PBXFileReference; lastKnownFileType = sourcecode.swift; path = Subscription.swift; sourceTree = "<group>"; };
		1311204B2F82363000922D01 /* SubscriptionManager.swift */ = {isa = PBXFileReference; lastKnownFileType = sourcecode.swift; path = SubscriptionManager.swift; sourceTree = "<group>"; };
		1311204C2F82363000922D01 /* SubscriptionSelectionStore.swift */ = {isa = PBXFileReference; lastKnownFileType = sourcecode.swift; path = SubscriptionSelectionStore.swift; sourceTree = "<group>"; };
		1311204E2F82363000922D01 /* CategorySuggestionService.swift */ = {isa = PBXFileReference; lastKnownFileType = sourcecode.swift; path = CategorySuggestionService.swift; sourceTree = "<group>"; };
		1311204F2F82363000922D01 /* LogoFetchService.swift */ = {isa = PBXFileReference; lastKnownFileType = sourcecode.swift; path = LogoFetchService.swift; sourceTree = "<group>"; };
		131120512F82363000922D01 /* Secrets.plist */ = {isa = PBXFileReference; lastKnownFileType = text.plist.xml; path = Secrets.plist; sourceTree = "<group>"; };
		131122032F84E61700922D01 /* DevFlags.swift */ = {isa = PBXFileReference; lastKnownFileType = sourcecode.swift; path = DevFlags.swift; sourceTree = "<group>"; };
		131122042F84E61700922D01 /* DummyData.swift */ = {isa = PBXFileReference; lastKnownFileType = sourcecode.swift; path = DummyData.swift; sourceTree = "<group>"; };
		131122052F84E61700922D01 /* PreviewContainer.swift */ = {isa = PBXFileReference; lastKnownFileType = sourcecode.swift; path = PreviewContainer.swift; sourceTree = "<group>"; };
		131122062F84E61700922D01 /* SeedData.swift */ = {isa = PBXFileReference; lastKnownFileType = sourcecode.swift; path = SeedData.swift; sourceTree = "<group>"; };
		133D16792D29222600A3D7A8 /* README.md */ = {isa = PBXFileReference; lastKnownFileType = net.daringfireball.markdown; path = README.md; sourceTree = "<group>"; };
		134F8A242D236E6B00198244 /* Supscription.app */ = {isa = PBXFileReference; explicitFileType = wrapper.application; includeInIndex = 0; path = Supscription.app; sourceTree = BUILT_PRODUCTS_DIR; };
		13B6B8A22F6FA83B00604F29 /* SupscriptionTests.xctest */ = {isa = PBXFileReference; explicitFileType = wrapper.cfbundle; includeInIndex = 0; path = SupscriptionTests.xctest; sourceTree = BUILT_PRODUCTS_DIR; };
		20F01262A337A1A12734B0EE /* Date+Formatting.swift */ = {isa = PBXFileReference; lastKnownFileType = sourcecode.swift; path = "Date+Formatting.swift"; sourceTree = "<group>"; };
		29D4161FF5B8C8C041F51245 /* DashboardViewModel.swift */ = {isa = PBXFileReference; lastKnownFileType = sourcecode.swift; path = DashboardViewModel.swift; sourceTree = "<group>"; };
/* End PBXFileReference section */

/* Begin PBXFileSystemSynchronizedBuildFileExceptionSet section */
		13111D672F80E92B00922D01 /* Exceptions for "Supscription iOS" folder in "Supscription iOS" target */ = {
			isa = PBXFileSystemSynchronizedBuildFileExceptionSet;
			membershipExceptions = (
				Info.plist,
			);
			target = 13111D442F80E92900922D01 /* Supscription iOS */;
		};
		1394DD3A2F6D0BFB0057647E /* Exceptions for "Supscription" folder in "Supscription" target */ = {
			isa = PBXFileSystemSynchronizedBuildFileExceptionSet;
			membershipExceptions = (
				Info.plist,
			);
			target = 134F8A232D236E6B00198244 /* Supscription */;
		};
/* End PBXFileSystemSynchronizedBuildFileExceptionSet section */

/* Begin PBXFileSystemSynchronizedRootGroup section */
		13111D462F80E92900922D01 /* Supscription iOS */ = {
			isa = PBXFileSystemSynchronizedRootGroup;
			exceptions = (
				13111D672F80E92B00922D01 /* Exceptions for "Supscription iOS" folder in "Supscription iOS" target */,
			);
			path = "Supscription iOS";
			sourceTree = "<group>";
		};
		13111D582F80E92B00922D01 /* Supscription iOSTests */ = {
			isa = PBXFileSystemSynchronizedRootGroup;
			path = "Supscription iOSTests";
			sourceTree = "<group>";
		};
		13111D622F80E92B00922D01 /* Supscription iOSUITests */ = {
			isa = PBXFileSystemSynchronizedRootGroup;
			path = "Supscription iOSUITests";
			sourceTree = "<group>";
		};
		134F8A262D236E6B00198244 /* Supscription */ = {
			isa = PBXFileSystemSynchronizedRootGroup;
			exceptions = (
				1394DD3A2F6D0BFB0057647E /* Exceptions for "Supscription" folder in "Supscription" target */,
			);
			path = Supscription;
			sourceTree = "<group>";
		};
		13B6B8A32F6FA83B00604F29 /* SupscriptionTests */ = {
			isa = PBXFileSystemSynchronizedRootGroup;
			path = SupscriptionTests;
			sourceTree = "<group>";
		};
/* End PBXFileSystemSynchronizedRootGroup section */

/* Begin PBXFrameworksBuildPhase section */
		13111D422F80E92900922D01 /* Frameworks */ = {
			isa = PBXFrameworksBuildPhase;
			buildActionMask = 2147483647;
			files = (
			);
			runOnlyForDeploymentPostprocessing = 0;
		};
		13111D522F80E92B00922D01 /* Frameworks */ = {
			isa = PBXFrameworksBuildPhase;
			buildActionMask = 2147483647;
			files = (
			);
			runOnlyForDeploymentPostprocessing = 0;
		};
		13111D5C2F80E92B00922D01 /* Frameworks */ = {
			isa = PBXFrameworksBuildPhase;
			buildActionMask = 2147483647;
			files = (
			);
			runOnlyForDeploymentPostprocessing = 0;
		};
		134F8A212D236E6B00198244 /* Frameworks */ = {
			isa = PBXFrameworksBuildPhase;
			buildActionMask = 2147483647;
			files = (
			);
			runOnlyForDeploymentPostprocessing = 0;
		};
		13B6B89F2F6FA83B00604F29 /* Frameworks */ = {
			isa = PBXFrameworksBuildPhase;
			buildActionMask = 2147483647;
			files = (
			);
			runOnlyForDeploymentPostprocessing = 0;
		};
/* End PBXFrameworksBuildPhase section */

/* Begin PBXGroup section */
		01C098FDF88439C11FA10AE7 /* Extensions */ = {
			isa = PBXGroup;
			children = (
				20F01262A337A1A12734B0EE /* Date+Formatting.swift */,
			);
			path = Extensions;
			sourceTree = "<group>";
		};
		1311204D2F82363000922D01 /* Models */ = {
			isa = PBXGroup;
			children = (
				131120492F82363000922D01 /* BillingFrequency.swift */,
				1311204A2F82363000922D01 /* Subscription.swift */,
				1311204B2F82363000922D01 /* SubscriptionManager.swift */,
				1311204C2F82363000922D01 /* SubscriptionSelectionStore.swift */,
			);
			path = Models;
			sourceTree = "<group>";
		};
		131120502F82363000922D01 /* Services */ = {
			isa = PBXGroup;
			children = (
				1311204E2F82363000922D01 /* CategorySuggestionService.swift */,
				1311204F2F82363000922D01 /* LogoFetchService.swift */,
				D163FAE2FC4ACF69BF094F14 /* NotificationService.swift */,
			);
			path = Services;
			sourceTree = "<group>";
		};
		131120522F82363000922D01 /* Shared */ = {
			isa = PBXGroup;
			children = (
				01C098FDF88439C11FA10AE7 /* Extensions */,
				1311204D2F82363000922D01 /* Models */,
				131120502F82363000922D01 /* Services */,
				131122072F84E61700922D01 /* Utils */,
				FB874E5A4BAFAD7D29A6EEDA /* ViewModels */,
				131120512F82363000922D01 /* Secrets.plist */,
			);
			path = Shared;
			sourceTree = "<group>";
		};
		131122072F84E61700922D01 /* Utils */ = {
			isa = PBXGroup;
			children = (
				131122032F84E61700922D01 /* DevFlags.swift */,
				131122042F84E61700922D01 /* DummyData.swift */,
				131122052F84E61700922D01 /* PreviewContainer.swift */,
				131122062F84E61700922D01 /* SeedData.swift */,
			);
			path = Utils;
			sourceTree = "<group>";
		};
		134F8A1B2D236E6B00198244 = {
			isa = PBXGroup;
			children = (
				133D16792D29222600A3D7A8 /* README.md */,
				131120522F82363000922D01 /* Shared */,
				134F8A262D236E6B00198244 /* Supscription */,
				13B6B8A32F6FA83B00604F29 /* SupscriptionTests */,
				13111D462F80E92900922D01 /* Supscription iOS */,
				13111D582F80E92B00922D01 /* Supscription iOSTests */,
				13111D622F80E92B00922D01 /* Supscription iOSUITests */,
				134F8A252D236E6B00198244 /* Products */,
			);
			sourceTree = "<group>";
		};
		134F8A252D236E6B00198244 /* Products */ = {
			isa = PBXGroup;
			children = (
				134F8A242D236E6B00198244 /* Supscription.app */,
				13B6B8A22F6FA83B00604F29 /* SupscriptionTests.xctest */,
				13111D452F80E92900922D01 /* Supscription iOS.app */,
				13111D552F80E92B00922D01 /* Supscription iOSTests.xctest */,
				13111D5F2F80E92B00922D01 /* Supscription iOSUITests.xctest */,
			);
			name = Products;
			sourceTree = "<group>";
		};
		FB874E5A4BAFAD7D29A6EEDA /* ViewModels */ = {
			isa = PBXGroup;
			children = (
				29D4161FF5B8C8C041F51245 /* DashboardViewModel.swift */,
			);
			path = ViewModels;
			sourceTree = "<group>";
		};
/* End PBXGroup section */

/* Begin PBXNativeTarget section */
		13111D442F80E92900922D01 /* Supscription iOS */ = {
			isa = PBXNativeTarget;
			buildConfigurationList = 13111D682F80E92B00922D01 /* Build configuration list for PBXNativeTarget "Supscription iOS" */;
			buildPhases = (
				13111D412F80E92900922D01 /* Sources */,
				13111D422F80E92900922D01 /* Frameworks */,
				13111D432F80E92900922D01 /* Resources */,
			);
			buildRules = (
			);
			dependencies = (
			);
			fileSystemSynchronizedGroups = (
				13111D462F80E92900922D01 /* Supscription iOS */,
			);
			name = "Supscription iOS";
			packageProductDependencies = (
			);
			productName = "Supscription iOS";
			productReference = 13111D452F80E92900922D01 /* Supscription iOS.app */;
			productType = "com.apple.product-type.application";
		};
		13111D542F80E92B00922D01 /* Supscription iOSTests */ = {
			isa = PBXNativeTarget;
			buildConfigurationList = 13111D6B2F80E92B00922D01 /* Build configuration list for PBXNativeTarget "Supscription iOSTests" */;
			buildPhases = (
				13111D512F80E92B00922D01 /* Sources */,
				13111D522F80E92B00922D01 /* Frameworks */,
				13111D532F80E92B00922D01 /* Resources */,
			);
			buildRules = (
			);
			dependencies = (
				13111D572F80E92B00922D01 /* PBXTargetDependency */,
			);
			fileSystemSynchronizedGroups = (
				13111D582F80E92B00922D01 /* Supscription iOSTests */,
			);
			name = "Supscription iOSTests";
			packageProductDependencies = (
			);
			productName = "Supscription iOSTests";
			productReference = 13111D552F80E92B00922D01 /* Supscription iOSTests.xctest */;
			productType = "com.apple.product-type.bundle.unit-test";
		};
		13111D5E2F80E92B00922D01 /* Supscription iOSUITests */ = {
			isa = PBXNativeTarget;
			buildConfigurationList = 13111D6E2F80E92B00922D01 /* Build configuration list for PBXNativeTarget "Supscription iOSUITests" */;
			buildPhases = (
				13111D5B2F80E92B00922D01 /* Sources */,
				13111D5C2F80E92B00922D01 /* Frameworks */,
				13111D5D2F80E92B00922D01 /* Resources */,
			);
			buildRules = (
			);
			dependencies = (
				13111D612F80E92B00922D01 /* PBXTargetDependency */,
			);
			fileSystemSynchronizedGroups = (
				13111D622F80E92B00922D01 /* Supscription iOSUITests */,
			);
			name = "Supscription iOSUITests";
			packageProductDependencies = (
			);
			productName = "Supscription iOSUITests";
			productReference = 13111D5F2F80E92B00922D01 /* Supscription iOSUITests.xctest */;
			productType = "com.apple.product-type.bundle.ui-testing";
		};
		134F8A232D236E6B00198244 /* Supscription */ = {
			isa = PBXNativeTarget;
			buildConfigurationList = 134F8A332D236E6C00198244 /* Build configuration list for PBXNativeTarget "Supscription" */;
			buildPhases = (
				134F8A202D236E6B00198244 /* Sources */,
				134F8A212D236E6B00198244 /* Frameworks */,
				134F8A222D236E6B00198244 /* Resources */,
			);
			buildRules = (
			);
			dependencies = (
			);
			fileSystemSynchronizedGroups = (
				134F8A262D236E6B00198244 /* Supscription */,
			);
			name = Supscription;
			packageProductDependencies = (
			);
			productName = Supscription;
			productReference = 134F8A242D236E6B00198244 /* Supscription.app */;
			productType = "com.apple.product-type.application";
		};
		13B6B8A12F6FA83B00604F29 /* SupscriptionTests */ = {
			isa = PBXNativeTarget;
			buildConfigurationList = 13B6B8AA2F6FA83B00604F29 /* Build configuration list for PBXNativeTarget "SupscriptionTests" */;
			buildPhases = (
				13B6B89E2F6FA83B00604F29 /* Sources */,
				13B6B89F2F6FA83B00604F29 /* Frameworks */,
				13B6B8A02F6FA83B00604F29 /* Resources */,
			);
			buildRules = (
			);
			dependencies = (
				13B6B8A72F6FA83B00604F29 /* PBXTargetDependency */,
			);
			fileSystemSynchronizedGroups = (
				13B6B8A32F6FA83B00604F29 /* SupscriptionTests */,
			);
			name = SupscriptionTests;
			packageProductDependencies = (
			);
			productName = SupscriptionTests;
			productReference = 13B6B8A22F6FA83B00604F29 /* SupscriptionTests.xctest */;
			productType = "com.apple.product-type.bundle.unit-test";
		};
/* End PBXNativeTarget section */

/* Begin PBXProject section */
		134F8A1C2D236E6B00198244 /* Project object */ = {
			isa = PBXProject;
			attributes = {
				BuildIndependentTargetsInParallel = 1;
				LastSwiftUpdateCheck = 2640;
				LastUpgradeCheck = 2630;
				TargetAttributes = {
					13111D442F80E92900922D01 = {
						CreatedOnToolsVersion = 26.4;
					};
					13111D542F80E92B00922D01 = {
						CreatedOnToolsVersion = 26.4;
						TestTargetID = 13111D442F80E92900922D01;
					};
					13111D5E2F80E92B00922D01 = {
						CreatedOnToolsVersion = 26.4;
						TestTargetID = 13111D442F80E92900922D01;
					};
					134F8A232D236E6B00198244 = {
						CreatedOnToolsVersion = 16.2;
					};
					13B6B8A12F6FA83B00604F29 = {
						CreatedOnToolsVersion = 26.3;
						TestTargetID = 134F8A232D236E6B00198244;
					};
				};
			};
			buildConfigurationList = 134F8A1F2D236E6B00198244 /* Build configuration list for PBXProject "Supscription" */;
			developmentRegion = en;
			hasScannedForEncodings = 0;
			knownRegions = (
				en,
				Base,
			);
			mainGroup = 134F8A1B2D236E6B00198244;
			minimizedProjectReferenceProxies = 1;
			preferredProjectObjectVersion = 77;
			productRefGroup = 134F8A252D236E6B00198244 /* Products */;
			projectDirPath = "";
			projectRoot = "";
			targets = (
				134F8A232D236E6B00198244 /* Supscription */,
				13B6B8A12F6FA83B00604F29 /* SupscriptionTests */,
				13111D442F80E92900922D01 /* Supscription iOS */,
				13111D542F80E92B00922D01 /* Supscription iOSTests */,
				13111D5E2F80E92B00922D01 /* Supscription iOSUITests */,
			);
		};
/* End PBXProject section */

/* Begin PBXResourcesBuildPhase section */
		13111D432F80E92900922D01 /* Resources */ = {
			isa = PBXResourcesBuildPhase;
			buildActionMask = 2147483647;
			files = (
				1311205A2F82363000922D01 /* Secrets.plist in Resources */,
			);
			runOnlyForDeploymentPostprocessing = 0;
		};
		13111D532F80E92B00922D01 /* Resources */ = {
			isa = PBXResourcesBuildPhase;
			buildActionMask = 2147483647;
			files = (
			);
			runOnlyForDeploymentPostprocessing = 0;
		};
		13111D5D2F80E92B00922D01 /* Resources */ = {
			isa = PBXResourcesBuildPhase;
			buildActionMask = 2147483647;
			files = (
			);
			runOnlyForDeploymentPostprocessing = 0;
		};
		134F8A222D236E6B00198244 /* Resources */ = {
			isa = PBXResourcesBuildPhase;
			buildActionMask = 2147483647;
			files = (
				131120532F82363000922D01 /* Secrets.plist in Resources */,
				133D167A2D29222600A3D7A8 /* README.md in Resources */,
			);
			runOnlyForDeploymentPostprocessing = 0;
		};
		13B6B8A02F6FA83B00604F29 /* Resources */ = {
			isa = PBXResourcesBuildPhase;
			buildActionMask = 2147483647;
			files = (
			);
			runOnlyForDeploymentPostprocessing = 0;
		};
/* End PBXResourcesBuildPhase section */

/* Begin PBXSourcesBuildPhase section */
		13111D412F80E92900922D01 /* Sources */ = {
			isa = PBXSourcesBuildPhase;
			buildActionMask = 2147483647;
			files = (
				102AF19327DB23E450A5ED3E /* NotificationService.swift in Sources */,
				1D439F46451A787042F44C9B /* DashboardViewModel.swift in Sources */,
				7C35B57793017A865536BB40 /* Date+Formatting.swift in Sources */,
				1311205B2F82363000922D01 /* SubscriptionManager.swift in Sources */,
				1311205C2F82363000922D01 /* Subscription.swift in Sources */,
				131122082F84E61700922D01 /* SeedData.swift in Sources */,
				131122092F84E61700922D01 /* DummyData.swift in Sources */,
				1311220A2F84E61700922D01 /* PreviewContainer.swift in Sources */,
				1311220B2F84E61700922D01 /* DevFlags.swift in Sources */,
				1311205D2F82363000922D01 /* BillingFrequency.swift in Sources */,
				1311205E2F82363000922D01 /* LogoFetchService.swift in Sources */,
				1311205F2F82363000922D01 /* SubscriptionSelectionStore.swift in Sources */,
				131120602F82363000922D01 /* CategorySuggestionService.swift in Sources */,
			);
			runOnlyForDeploymentPostprocessing = 0;
		};
		13111D512F80E92B00922D01 /* Sources */ = {
			isa = PBXSourcesBuildPhase;
			buildActionMask = 2147483647;
			files = (
			);
			runOnlyForDeploymentPostprocessing = 0;
		};
		13111D5B2F80E92B00922D01 /* Sources */ = {
			isa = PBXSourcesBuildPhase;
			buildActionMask = 2147483647;
			files = (
			);
			runOnlyForDeploymentPostprocessing = 0;
		};
		134F8A202D236E6B00198244 /* Sources */ = {
			isa = PBXSourcesBuildPhase;
			buildActionMask = 2147483647;
			files = (
				1C535C107BA33190CE9B3410 /* NotificationService.swift in Sources */,
				CD28DCEC11D84BBA88C1F411 /* DashboardViewModel.swift in Sources */,
				6808676872B919AAE84DBF44 /* Date+Formatting.swift in Sources */,
				131120542F82363000922D01 /* SubscriptionManager.swift in Sources */,
				1311220C2F84E61700922D01 /* SeedData.swift in Sources */,
				1311220D2F84E61700922D01 /* DummyData.swift in Sources */,
				1311220E2F84E61700922D01 /* PreviewContainer.swift in Sources */,
				1311220F2F84E61700922D01 /* DevFlags.swift in Sources */,
				131120552F82363000922D01 /* Subscription.swift in Sources */,
				131120562F82363000922D01 /* BillingFrequency.swift in Sources */,
				131120572F82363000922D01 /* LogoFetchService.swift in Sources */,
				131120582F82363000922D01 /* SubscriptionSelectionStore.swift in Sources */,
				131120592F82363000922D01 /* CategorySuggestionService.swift in Sources */,
			);
			runOnlyForDeploymentPostprocessing = 0;
		};
		13B6B89E2F6FA83B00604F29 /* Sources */ = {
			isa = PBXSourcesBuildPhase;
			buildActionMask = 2147483647;
			files = (
			);
			runOnlyForDeploymentPostprocessing = 0;
		};
/* End PBXSourcesBuildPhase section */

/* Begin PBXTargetDependency section */
		13111D572F80E92B00922D01 /* PBXTargetDependency */ = {
			isa = PBXTargetDependency;
			target = 13111D442F80E92900922D01 /* Supscription iOS */;
			targetProxy = 13111D562F80E92B00922D01 /* PBXContainerItemProxy */;
		};
		13111D612F80E92B00922D01 /* PBXTargetDependency */ = {
			isa = PBXTargetDependency;
			target = 13111D442F80E92900922D01 /* Supscription iOS */;
			targetProxy = 13111D602F80E92B00922D01 /* PBXContainerItemProxy */;
		};
		13B6B8A72F6FA83B00604F29 /* PBXTargetDependency */ = {
			isa = PBXTargetDependency;
			target = 134F8A232D236E6B00198244 /* Supscription */;
			targetProxy = 13B6B8A62F6FA83B00604F29 /* PBXContainerItemProxy */;
		};
/* End PBXTargetDependency section */

/* Begin XCBuildConfiguration section */
		13111D692F80E92B00922D01 /* Debug */ = {
			isa = XCBuildConfiguration;
			buildSettings = {
				ASSETCATALOG_COMPILER_APPICON_NAME = AppIcon;
				ASSETCATALOG_COMPILER_GLOBAL_ACCENT_COLOR_NAME = AccentColor;
				CODE_SIGN_ENTITLEMENTS = "Supscription iOS/Supscription_iOS.entitlements";
				CODE_SIGN_STYLE = Automatic;
				CURRENT_PROJECT_VERSION = 1;
				DEVELOPMENT_TEAM = 45V9635UTT;
				ENABLE_PREVIEWS = YES;
				GENERATE_INFOPLIST_FILE = YES;
				INFOPLIST_FILE = "Supscription iOS/Info.plist";
				INFOPLIST_KEY_UIApplicationSceneManifest_Generation = YES;
				INFOPLIST_KEY_UIApplicationSupportsIndirectInputEvents = YES;
				INFOPLIST_KEY_UILaunchScreen_Generation = YES;
				INFOPLIST_KEY_UISupportedInterfaceOrientations_iPad = "UIInterfaceOrientationPortrait UIInterfaceOrientationPortraitUpsideDown UIInterfaceOrientationLandscapeLeft UIInterfaceOrientationLandscapeRight";
				INFOPLIST_KEY_UISupportedInterfaceOrientations_iPhone = "UIInterfaceOrientationPortrait UIInterfaceOrientationLandscapeLeft UIInterfaceOrientationLandscapeRight";
				IPHONEOS_DEPLOYMENT_TARGET = 18.0;
				LD_RUNPATH_SEARCH_PATHS = (
					"$(inherited)",
					"@executable_path/Frameworks",
				);
				MARKETING_VERSION = 1.0;
				PRODUCT_BUNDLE_IDENTIFIER = "com.richieflores.Supscription-iOS";
				PRODUCT_NAME = "$(TARGET_NAME)";
				SDKROOT = iphoneos;
				STRING_CATALOG_GENERATE_SYMBOLS = YES;
				SWIFT_APPROACHABLE_CONCURRENCY = YES;
				SWIFT_DEFAULT_ACTOR_ISOLATION = MainActor;
				SWIFT_EMIT_LOC_STRINGS = YES;
				SWIFT_UPCOMING_FEATURE_MEMBER_IMPORT_VISIBILITY = YES;
				SWIFT_VERSION = 5.0;
				TARGETED_DEVICE_FAMILY = "1,2";
			};
			name = Debug;
		};
		13111D6A2F80E92B00922D01 /* Release */ = {
			isa = XCBuildConfiguration;
			buildSettings = {
				ASSETCATALOG_COMPILER_APPICON_NAME = AppIcon;
				ASSETCATALOG_COMPILER_GLOBAL_ACCENT_COLOR_NAME = AccentColor;
				CODE_SIGN_ENTITLEMENTS = "Supscription iOS/Supscription_iOS.entitlements";
				CODE_SIGN_STYLE = Automatic;
				CURRENT_PROJECT_VERSION = 1;
				DEVELOPMENT_TEAM = 45V9635UTT;
				ENABLE_PREVIEWS = YES;
				GENERATE_INFOPLIST_FILE = YES;
				INFOPLIST_FILE = "Supscription iOS/Info.plist";
				INFOPLIST_KEY_UIApplicationSceneManifest_Generation = YES;
				INFOPLIST_KEY_UIApplicationSupportsIndirectInputEvents = YES;
				INFOPLIST_KEY_UILaunchScreen_Generation = YES;
				INFOPLIST_KEY_UISupportedInterfaceOrientations_iPad = "UIInterfaceOrientationPortrait UIInterfaceOrientationPortraitUpsideDown UIInterfaceOrientationLandscapeLeft UIInterfaceOrientationLandscapeRight";
				INFOPLIST_KEY_UISupportedInterfaceOrientations_iPhone = "UIInterfaceOrientationPortrait UIInterfaceOrientationLandscapeLeft UIInterfaceOrientationLandscapeRight";
				IPHONEOS_DEPLOYMENT_TARGET = 18.0;
				LD_RUNPATH_SEARCH_PATHS = (
					"$(inherited)",
					"@executable_path/Frameworks",
				);
				MARKETING_VERSION = 1.0;
				PRODUCT_BUNDLE_IDENTIFIER = "com.richieflores.Supscription-iOS";
				PRODUCT_NAME = "$(TARGET_NAME)";
				SDKROOT = iphoneos;
				STRING_CATALOG_GENERATE_SYMBOLS = YES;
				SWIFT_APPROACHABLE_CONCURRENCY = YES;
				SWIFT_DEFAULT_ACTOR_ISOLATION = MainActor;
				SWIFT_EMIT_LOC_STRINGS = YES;
				SWIFT_UPCOMING_FEATURE_MEMBER_IMPORT_VISIBILITY = YES;
				SWIFT_VERSION = 5.0;
				TARGETED_DEVICE_FAMILY = "1,2";
				VALIDATE_PRODUCT = YES;
			};
			name = Release;
		};
		13111D6C2F80E92B00922D01 /* Debug */ = {
			isa = XCBuildConfiguration;
			buildSettings = {
				BUNDLE_LOADER = "$(TEST_HOST)";
				CODE_SIGN_STYLE = Automatic;
				CURRENT_PROJECT_VERSION = 1;
				DEVELOPMENT_TEAM = 45V9635UTT;
				GENERATE_INFOPLIST_FILE = YES;
				IPHONEOS_DEPLOYMENT_TARGET = 18.0;
				MARKETING_VERSION = 1.0;
				PRODUCT_BUNDLE_IDENTIFIER = "com.richieflores.Supscription-iOSTests";
				PRODUCT_NAME = "$(TARGET_NAME)";
				SDKROOT = iphoneos;
				STRING_CATALOG_GENERATE_SYMBOLS = NO;
				SWIFT_APPROACHABLE_CONCURRENCY = YES;
				SWIFT_EMIT_LOC_STRINGS = NO;
				SWIFT_UPCOMING_FEATURE_MEMBER_IMPORT_VISIBILITY = YES;
				SWIFT_VERSION = 5.0;
				TARGETED_DEVICE_FAMILY = "1,2";
				TEST_HOST = "$(BUILT_PRODUCTS_DIR)/Supscription iOS.app/$(BUNDLE_EXECUTABLE_FOLDER_PATH)/Supscription iOS";
			};
			name = Debug;
		};
		13111D6D2F80E92B00922D01 /* Release */ = {
			isa = XCBuildConfiguration;
			buildSettings = {
				BUNDLE_LOADER = "$(TEST_HOST)";
				CODE_SIGN_STYLE = Automatic;
				CURRENT_PROJECT_VERSION = 1;
				DEVELOPMENT_TEAM = 45V9635UTT;
				GENERATE_INFOPLIST_FILE = YES;
				IPHONEOS_DEPLOYMENT_TARGET = 18.0;
				MARKETING_VERSION = 1.0;
				PRODUCT_BUNDLE_IDENTIFIER = "com.richieflores.Supscription-iOSTests";
				PRODUCT_NAME = "$(TARGET_NAME)";
				SDKROOT = iphoneos;
				STRING_CATALOG_GENERATE_SYMBOLS = NO;
				SWIFT_APPROACHABLE_CONCURRENCY = YES;
				SWIFT_EMIT_LOC_STRINGS = NO;
				SWIFT_UPCOMING_FEATURE_MEMBER_IMPORT_VISIBILITY = YES;
				SWIFT_VERSION = 5.0;
				TARGETED_DEVICE_FAMILY = "1,2";
				TEST_HOST = "$(BUILT_PRODUCTS_DIR)/Supscription iOS.app/$(BUNDLE_EXECUTABLE_FOLDER_PATH)/Supscription iOS";
				VALIDATE_PRODUCT = YES;
			};
			name = Release;
		};
		13111D6F2F80E92B00922D01 /* Debug */ = {
			isa = XCBuildConfiguration;
			buildSettings = {
				CODE_SIGN_STYLE = Automatic;
				CURRENT_PROJECT_VERSION = 1;
				DEVELOPMENT_TEAM = 45V9635UTT;
				GENERATE_INFOPLIST_FILE = YES;
				IPHONEOS_DEPLOYMENT_TARGET = 18.0;
				MARKETING_VERSION = 1.0;
				PRODUCT_BUNDLE_IDENTIFIER = "com.richieflores.Supscription-iOSUITests";
				PRODUCT_NAME = "$(TARGET_NAME)";
				SDKROOT = iphoneos;
				STRING_CATALOG_GENERATE_SYMBOLS = NO;
				SWIFT_APPROACHABLE_CONCURRENCY = YES;
				SWIFT_EMIT_LOC_STRINGS = NO;
				SWIFT_UPCOMING_FEATURE_MEMBER_IMPORT_VISIBILITY = YES;
				SWIFT_VERSION = 5.0;
				TARGETED_DEVICE_FAMILY = "1,2";
				TEST_TARGET_NAME = "Supscription iOS";
			};
			name = Debug;
		};
		13111D702F80E92B00922D01 /* Release */ = {
			isa = XCBuildConfiguration;
			buildSettings = {
				CODE_SIGN_STYLE = Automatic;
				CURRENT_PROJECT_VERSION = 1;
				DEVELOPMENT_TEAM = 45V9635UTT;
				GENERATE_INFOPLIST_FILE = YES;
				IPHONEOS_DEPLOYMENT_TARGET = 18.0;
				MARKETING_VERSION = 1.0;
				PRODUCT_BUNDLE_IDENTIFIER = "com.richieflores.Supscription-iOSUITests";
				PRODUCT_NAME = "$(TARGET_NAME)";
				SDKROOT = iphoneos;
				STRING_CATALOG_GENERATE_SYMBOLS = NO;
				SWIFT_APPROACHABLE_CONCURRENCY = YES;
				SWIFT_EMIT_LOC_STRINGS = NO;
				SWIFT_UPCOMING_FEATURE_MEMBER_IMPORT_VISIBILITY = YES;
				SWIFT_VERSION = 5.0;
				TARGETED_DEVICE_FAMILY = "1,2";
				TEST_TARGET_NAME = "Supscription iOS";
				VALIDATE_PRODUCT = YES;
			};
			name = Release;
		};
		134F8A312D236E6C00198244 /* Debug */ = {
			isa = XCBuildConfiguration;
			buildSettings = {
				ALWAYS_SEARCH_USER_PATHS = NO;
				ASSETCATALOG_COMPILER_GENERATE_SWIFT_ASSET_SYMBOL_EXTENSIONS = YES;
				CLANG_ANALYZER_NONNULL = YES;
				CLANG_ANALYZER_NUMBER_OBJECT_CONVERSION = YES_AGGRESSIVE;
				CLANG_CXX_LANGUAGE_STANDARD = "gnu++20";
				CLANG_ENABLE_MODULES = YES;
				CLANG_ENABLE_OBJC_ARC = YES;
				CLANG_ENABLE_OBJC_WEAK = YES;
				CLANG_WARN_BLOCK_CAPTURE_AUTORELEASING = YES;
				CLANG_WARN_BOOL_CONVERSION = YES;
				CLANG_WARN_COMMA = YES;
				CLANG_WARN_CONSTANT_CONVERSION = YES;
				CLANG_WARN_DEPRECATED_OBJC_IMPLEMENTATIONS = YES;
				CLANG_WARN_DIRECT_OBJC_ISA_USAGE = YES_ERROR;
				CLANG_WARN_DOCUMENTATION_COMMENTS = YES;
				CLANG_WARN_EMPTY_BODY = YES;
				CLANG_WARN_ENUM_CONVERSION = YES;
				CLANG_WARN_INFINITE_RECURSION = YES;
				CLANG_WARN_INT_CONVERSION = YES;
				CLANG_WARN_NON_LITERAL_NULL_CONVERSION = YES;
				CLANG_WARN_OBJC_IMPLICIT_RETAIN_SELF = YES;
				CLANG_WARN_OBJC_LITERAL_CONVERSION = YES;
				CLANG_WARN_OBJC_ROOT_CLASS = YES_ERROR;
				CLANG_WARN_QUOTED_INCLUDE_IN_FRAMEWORK_HEADER = YES;
				CLANG_WARN_RANGE_LOOP_ANALYSIS = YES;
				CLANG_WARN_STRICT_PROTOTYPES = YES;
				CLANG_WARN_SUSPICIOUS_MOVE = YES;
				CLANG_WARN_UNGUARDED_AVAILABILITY = YES_AGGRESSIVE;
				CLANG_WARN_UNREACHABLE_CODE = YES;
				CLANG_WARN__DUPLICATE_METHOD_MATCH = YES;
				COPY_PHASE_STRIP = NO;
				DEAD_CODE_STRIPPING = YES;
				DEBUG_INFORMATION_FORMAT = dwarf;
				DEVELOPMENT_TEAM = 45V9635UTT;
				ENABLE_STRICT_OBJC_MSGSEND = YES;
				ENABLE_TESTABILITY = YES;
				ENABLE_USER_SCRIPT_SANDBOXING = YES;
				GCC_C_LANGUAGE_STANDARD = gnu17;
				GCC_DYNAMIC_NO_PIC = NO;
				GCC_NO_COMMON_BLOCKS = YES;
				GCC_OPTIMIZATION_LEVEL = 0;
				GCC_PREPROCESSOR_DEFINITIONS = (
					"DEBUG=1",
					"$(inherited)",
				);
				GCC_WARN_64_TO_32_BIT_CONVERSION = YES;
				GCC_WARN_ABOUT_RETURN_TYPE = YES_ERROR;
				GCC_WARN_UNDECLARED_SELECTOR = YES;
				GCC_WARN_UNINITIALIZED_AUTOS = YES_AGGRESSIVE;
				GCC_WARN_UNUSED_FUNCTION = YES;
				GCC_WARN_UNUSED_VARIABLE = YES;
				LOCALIZATION_PREFERS_STRING_CATALOGS = YES;
				MACOSX_DEPLOYMENT_TARGET = 15.1;
				MTL_ENABLE_DEBUG_INFO = INCLUDE_SOURCE;
				MTL_FAST_MATH = YES;
				ONLY_ACTIVE_ARCH = YES;
				SDKROOT = macosx;
				STRING_CATALOG_GENERATE_SYMBOLS = YES;
				SWIFT_ACTIVE_COMPILATION_CONDITIONS = "DEBUG $(inherited)";
				SWIFT_OPTIMIZATION_LEVEL = "-Onone";
			};
			name = Debug;
		};
		134F8A322D236E6C00198244 /* Release */ = {
			isa = XCBuildConfiguration;
			buildSettings = {
				ALWAYS_SEARCH_USER_PATHS = NO;
				ASSETCATALOG_COMPILER_GENERATE_SWIFT_ASSET_SYMBOL_EXTENSIONS = YES;
				CLANG_ANALYZER_NONNULL = YES;
				CLANG_ANALYZER_NUMBER_OBJECT_CONVERSION = YES_AGGRESSIVE;
				CLANG_CXX_LANGUAGE_STANDARD = "gnu++20";
				CLANG_ENABLE_MODULES = YES;
				CLANG_ENABLE_OBJC_ARC = YES;
				CLANG_ENABLE_OBJC_WEAK = YES;
				CLANG_WARN_BLOCK_CAPTURE_AUTORELEASING = YES;
				CLANG_WARN_BOOL_CONVERSION = YES;
				CLANG_WARN_COMMA = YES;
				CLANG_WARN_CONSTANT_CONVERSION = YES;
				CLANG_WARN_DEPRECATED_OBJC_IMPLEMENTATIONS = YES;
				CLANG_WARN_DIRECT_OBJC_ISA_USAGE = YES_ERROR;
				CLANG_WARN_DOCUMENTATION_COMMENTS = YES;
				CLANG_WARN_EMPTY_BODY = YES;
				CLANG_WARN_ENUM_CONVERSION = YES;
				CLANG_WARN_INFINITE_RECURSION = YES;
				CLANG_WARN_INT_CONVERSION = YES;
				CLANG_WARN_NON_LITERAL_NULL_CONVERSION = YES;
				CLANG_WARN_OBJC_IMPLICIT_RETAIN_SELF = YES;
				CLANG_WARN_OBJC_LITERAL_CONVERSION = YES;
				CLANG_WARN_OBJC_ROOT_CLASS = YES_ERROR;
				CLANG_WARN_QUOTED_INCLUDE_IN_FRAMEWORK_HEADER = YES;
				CLANG_WARN_RANGE_LOOP_ANALYSIS = YES;
				CLANG_WARN_STRICT_PROTOTYPES = YES;
				CLANG_WARN_SUSPICIOUS_MOVE = YES;
				CLANG_WARN_UNGUARDED_AVAILABILITY = YES_AGGRESSIVE;
				CLANG_WARN_UNREACHABLE_CODE = YES;
				CLANG_WARN__DUPLICATE_METHOD_MATCH = YES;
				COPY_PHASE_STRIP = NO;
				DEAD_CODE_STRIPPING = YES;
				DEBUG_INFORMATION_FORMAT = "dwarf-with-dsym";
				DEVELOPMENT_TEAM = 45V9635UTT;
				ENABLE_NS_ASSERTIONS = NO;
				ENABLE_STRICT_OBJC_MSGSEND = YES;
				ENABLE_USER_SCRIPT_SANDBOXING = YES;
				GCC_C_LANGUAGE_STANDARD = gnu17;
				GCC_NO_COMMON_BLOCKS = YES;
				GCC_WARN_64_TO_32_BIT_CONVERSION = YES;
				GCC_WARN_ABOUT_RETURN_TYPE = YES_ERROR;
				GCC_WARN_UNDECLARED_SELECTOR = YES;
				GCC_WARN_UNINITIALIZED_AUTOS = YES_AGGRESSIVE;
				GCC_WARN_UNUSED_FUNCTION = YES;
				GCC_WARN_UNUSED_VARIABLE = YES;
				LOCALIZATION_PREFERS_STRING_CATALOGS = YES;
				MACOSX_DEPLOYMENT_TARGET = 15.1;
				MTL_ENABLE_DEBUG_INFO = NO;
				MTL_FAST_MATH = YES;
				SDKROOT = macosx;
				STRING_CATALOG_GENERATE_SYMBOLS = YES;
				SWIFT_COMPILATION_MODE = wholemodule;
			};
			name = Release;
		};
		134F8A342D236E6C00198244 /* Debug */ = {
			isa = XCBuildConfiguration;
			buildSettings = {
				ASSETCATALOG_COMPILER_APPICON_NAME = AppIcon;
				ASSETCATALOG_COMPILER_GLOBAL_ACCENT_COLOR_NAME = AccentColor;
				CODE_SIGN_ENTITLEMENTS = Supscription/Supscription.entitlements;
				"CODE_SIGN_IDENTITY[sdk=macosx*]" = "Apple Development";
				CODE_SIGN_STYLE = Automatic;
				COMBINE_HIDPI_IMAGES = YES;
				CURRENT_PROJECT_VERSION = 1;
				DEAD_CODE_STRIPPING = YES;
				DEVELOPMENT_ASSET_PATHS = "\"Supscription/Preview Content\"";
				ENABLE_APP_SANDBOX = YES;
				ENABLE_HARDENED_RUNTIME = YES;
				ENABLE_OUTGOING_NETWORK_CONNECTIONS = YES;
				ENABLE_PREVIEWS = YES;
				ENABLE_USER_SELECTED_FILES = readonly;
				GENERATE_INFOPLIST_FILE = YES;
				INFOPLIST_FILE = Supscription/Info.plist;
				INFOPLIST_KEY_CFBundleDisplayName = Supscription;
				INFOPLIST_KEY_LSApplicationCategoryType = "public.app-category.finance";
				INFOPLIST_KEY_NSHumanReadableCopyright = "© 2025 Ricardo Flores. All rights reserved.";
				LD_RUNPATH_SEARCH_PATHS = (
					"$(inherited)",
					"@executable_path/../Frameworks",
				);
				MARKETING_VERSION = 1.0;
				PRODUCT_BUNDLE_IDENTIFIER = com.richieflores.Supscription;
				PRODUCT_NAME = "$(TARGET_NAME)";
				SWIFT_EMIT_LOC_STRINGS = YES;
				SWIFT_VERSION = 5.0;
			};
			name = Debug;
		};
		134F8A352D236E6C00198244 /* Release */ = {
			isa = XCBuildConfiguration;
			buildSettings = {
				ASSETCATALOG_COMPILER_APPICON_NAME = AppIcon;
				ASSETCATALOG_COMPILER_GLOBAL_ACCENT_COLOR_NAME = AccentColor;
				CODE_SIGN_ENTITLEMENTS = Supscription/Supscription.entitlements;
				"CODE_SIGN_IDENTITY[sdk=macosx*]" = "Apple Development";
				CODE_SIGN_STYLE = Automatic;
				COMBINE_HIDPI_IMAGES = YES;
				CURRENT_PROJECT_VERSION = 1;
				DEAD_CODE_STRIPPING = YES;
				DEVELOPMENT_ASSET_PATHS = "\"Supscription/Preview Content\"";
				ENABLE_APP_SANDBOX = YES;
				ENABLE_HARDENED_RUNTIME = YES;
				ENABLE_OUTGOING_NETWORK_CONNECTIONS = YES;
				ENABLE_PREVIEWS = YES;
				ENABLE_USER_SELECTED_FILES = readonly;
				GENERATE_INFOPLIST_FILE = YES;
				INFOPLIST_FILE = Supscription/Info.plist;
				INFOPLIST_KEY_CFBundleDisplayName = Supscription;
				INFOPLIST_KEY_LSApplicationCategoryType = "public.app-category.finance";
				INFOPLIST_KEY_NSHumanReadableCopyright = "© 2025 Ricardo Flores. All rights reserved.";
				LD_RUNPATH_SEARCH_PATHS = (
					"$(inherited)",
					"@executable_path/../Frameworks",
				);
				MARKETING_VERSION = 1.0;
				PRODUCT_BUNDLE_IDENTIFIER = com.richieflores.Supscription;
				PRODUCT_NAME = "$(TARGET_NAME)";
				SWIFT_EMIT_LOC_STRINGS = YES;
				SWIFT_VERSION = 5.0;
			};
			name = Release;
		};
		13B6B8A82F6FA83B00604F29 /* Debug */ = {
			isa = XCBuildConfiguration;
			buildSettings = {
				BUNDLE_LOADER = "$(TEST_HOST)";
				CODE_SIGN_STYLE = Automatic;
				CURRENT_PROJECT_VERSION = 1;
				DEVELOPMENT_TEAM = 45V9635UTT;
				GENERATE_INFOPLIST_FILE = YES;
				MACOSX_DEPLOYMENT_TARGET = 26.2;
				MARKETING_VERSION = 1.0;
				PRODUCT_BUNDLE_IDENTIFIER = com.richieflores.SupscriptionTests;
				PRODUCT_NAME = "$(TARGET_NAME)";
				STRING_CATALOG_GENERATE_SYMBOLS = NO;
				SWIFT_APPROACHABLE_CONCURRENCY = YES;
				SWIFT_EMIT_LOC_STRINGS = NO;
				SWIFT_UPCOMING_FEATURE_MEMBER_IMPORT_VISIBILITY = YES;
				SWIFT_VERSION = 5.0;
				TEST_HOST = "$(BUILT_PRODUCTS_DIR)/Supscription.app/$(BUNDLE_EXECUTABLE_FOLDER_PATH)/Supscription";
			};
			name = Debug;
		};
		13B6B8A92F6FA83B00604F29 /* Release */ = {
			isa = XCBuildConfiguration;
			buildSettings = {
				BUNDLE_LOADER = "$(TEST_HOST)";
				CODE_SIGN_STYLE = Automatic;
				CURRENT_PROJECT_VERSION = 1;
				DEVELOPMENT_TEAM = 45V9635UTT;
				GENERATE_INFOPLIST_FILE = YES;
				MACOSX_DEPLOYMENT_TARGET = 26.2;
				MARKETING_VERSION = 1.0;
				PRODUCT_BUNDLE_IDENTIFIER = com.richieflores.SupscriptionTests;
				PRODUCT_NAME = "$(TARGET_NAME)";
				STRING_CATALOG_GENERATE_SYMBOLS = NO;
				SWIFT_APPROACHABLE_CONCURRENCY = YES;
				SWIFT_EMIT_LOC_STRINGS = NO;
				SWIFT_UPCOMING_FEATURE_MEMBER_IMPORT_VISIBILITY = YES;
				SWIFT_VERSION = 5.0;
				TEST_HOST = "$(BUILT_PRODUCTS_DIR)/Supscription.app/$(BUNDLE_EXECUTABLE_FOLDER_PATH)/Supscription";
			};
			name = Release;
		};
/* End XCBuildConfiguration section */

/* Begin XCConfigurationList section */
		13111D682F80E92B00922D01 /* Build configuration list for PBXNativeTarget "Supscription iOS" */ = {
			isa = XCConfigurationList;
			buildConfigurations = (
				13111D692F80E92B00922D01 /* Debug */,
				13111D6A2F80E92B00922D01 /* Release */,
			);
			defaultConfigurationIsVisible = 0;
			defaultConfigurationName = Release;
		};
		13111D6B2F80E92B00922D01 /* Build configuration list for PBXNativeTarget "Supscription iOSTests" */ = {
			isa = XCConfigurationList;
			buildConfigurations = (
				13111D6C2F80E92B00922D01 /* Debug */,
				13111D6D2F80E92B00922D01 /* Release */,
			);
			defaultConfigurationIsVisible = 0;
			defaultConfigurationName = Release;
		};
		13111D6E2F80E92B00922D01 /* Build configuration list for PBXNativeTarget "Supscription iOSUITests" */ = {
			isa = XCConfigurationList;
			buildConfigurations = (
				13111D6F2F80E92B00922D01 /* Debug */,
				13111D702F80E92B00922D01 /* Release */,
			);
			defaultConfigurationIsVisible = 0;
			defaultConfigurationName = Release;
		};
		134F8A1F2D236E6B00198244 /* Build configuration list for PBXProject "Supscription" */ = {
			isa = XCConfigurationList;
			buildConfigurations = (
				134F8A312D236E6C00198244 /* Debug */,
				134F8A322D236E6C00198244 /* Release */,
			);
			defaultConfigurationIsVisible = 0;
			defaultConfigurationName = Release;
		};
		134F8A332D236E6C00198244 /* Build configuration list for PBXNativeTarget "Supscription" */ = {
			isa = XCConfigurationList;
			buildConfigurations = (
				134F8A342D236E6C00198244 /* Debug */,
				134F8A352D236E6C00198244 /* Release */,
			);
			defaultConfigurationIsVisible = 0;
			defaultConfigurationName = Release;
		};
		13B6B8AA2F6FA83B00604F29 /* Build configuration list for PBXNativeTarget "SupscriptionTests" */ = {
			isa = XCConfigurationList;
			buildConfigurations = (
				13B6B8A82F6FA83B00604F29 /* Debug */,
				13B6B8A92F6FA83B00604F29 /* Release */,
			);
			defaultConfigurationIsVisible = 0;
			defaultConfigurationName = Release;
		};
/* End XCConfigurationList section */
	};
	rootObject = 134F8A1C2D236E6B00198244 /* Project object */;
}
